PODS:
  - RxSwift (5.0.0)
  - RxSwiftExtensions.swift (0.1.5):
    - RxSwift (~> 5.0)

DEPENDENCIES:
  - RxSwiftExtensions.swift (from `../`)

SPEC REPOS:
  https://github.com/cocoapods/specs.git:
    - RxSwift

EXTERNAL SOURCES:
  RxSwiftExtensions.swift:
    :path: "../"

SPEC CHECKSUMS:
  RxSwift: 8b0671caa829a763bbce7271095859121cbd895f
  RxSwiftExtensions.swift: 44857c926d6da9f0dd55e13ad58a51597f8f1dfe

PODFILE CHECKSUM: c5c07f14041149246bf305344d63d8b50f644900

COCOAPODS: 1.6.0
