PODS:
  - RxSwift (6.1.0)
  - RxSwiftExtensions.swift (0.2.6):
    - RxSwift (~> 6.0)

DEPENDENCIES:
  - RxSwiftExtensions.swift (from `../`)

SPEC REPOS:
  trunk:
    - RxSwift

EXTERNAL SOURCES:
  RxSwiftExtensions.swift:
    :path: "../"

SPEC CHECKSUMS:
  RxSwift: a834e5c538e89eca0cae86f403f4fbf0336786ce
  RxSwiftExtensions.swift: c419582e9e1bdf2534e8aab3a65bc685e4d97875

PODFILE CHECKSUM: c5c07f14041149246bf305344d63d8b50f644900

COCOAPODS: 1.10.1
